
Microsoft Visual Studio Solution File, Format Version 12.00
# Visual Studio Version 16
VisualStudioVersion = 16.6.30114.105
MinimumVisualStudioVersion = 10.0.40219.1
Project("{2150E333-8FDC-42A3-9474-1A3956D46DE8}") = "src", "src", "{7D5B4A9F-0737-4476-9D7D-D4BEE083CAD3}"
EndProject
Project("{FAE04EC0-301F-11D3-BF4B-00C04F79EFBC}") = "api", "src\Api\api.csproj", "{E95F0CD3-57FB-469D-8A87-2B700AC760B2}"
EndProject
Project("{FAE04EC0-301F-11D3-BF4B-00C04F79EFBC}") = "Domain", "src\Domain\Domain.csproj", "{D2E7B3C0-FEB7-42E4-994F-C26536734282}"
EndProject
Project("{FAE04EC0-301F-11D3-BF4B-00C04F79EFBC}") = "infra", "src\Infra\infra.csproj", "{958C3E61-CFCF-4876-A2A5-44D3035A5DC5}"
EndProject
Global
	GlobalSection(SolutionConfigurationPlatforms) = preSolution
		Debug|Any CPU = Debug|Any CPU
		Debug|x64 = Debug|x64
		Debug|x86 = Debug|x86
		Release|Any CPU = Release|Any CPU
		Release|x64 = Release|x64
		Release|x86 = Release|x86
	EndGlobalSection
	GlobalSection(SolutionProperties) = preSolution
		HideSolutionNode = FALSE
	EndGlobalSection
	GlobalSection(ProjectConfigurationPlatforms) = postSolution
		{E95F0CD3-57FB-469D-8A87-2B700AC760B2}.Debug|Any CPU.ActiveCfg = Debug|Any CPU
		{E95F0CD3-57FB-469D-8A87-2B700AC760B2}.Debug|Any CPU.Build.0 = Debug|Any CPU
		{E95F0CD3-57FB-469D-8A87-2B700AC760B2}.Debug|x64.ActiveCfg = Debug|Any CPU
		{E95F0CD3-57FB-469D-8A87-2B700AC760B2}.Debug|x64.Build.0 = Debug|Any CPU
		{E95F0CD3-57FB-469D-8A87-2B700AC760B2}.Debug|x86.ActiveCfg = Debug|Any CPU
		{E95F0CD3-57FB-469D-8A87-2B700AC760B2}.Debug|x86.Build.0 = Debug|Any CPU
		{E95F0CD3-57FB-469D-8A87-2B700AC760B2}.Release|Any CPU.ActiveCfg = Release|Any CPU
		{E95F0CD3-57FB-469D-8A87-2B700AC760B2}.Release|Any CPU.Build.0 = Release|Any CPU
		{E95F0CD3-57FB-469D-8A87-2B700AC760B2}.Release|x64.ActiveCfg = Release|Any CPU
		{E95F0CD3-57FB-469D-8A87-2B700AC760B2}.Release|x64.Build.0 = Release|Any CPU
		{E95F0CD3-57FB-469D-8A87-2B700AC760B2}.Release|x86.ActiveCfg = Release|Any CPU
		{E95F0CD3-57FB-469D-8A87-2B700AC760B2}.Release|x86.Build.0 = Release|Any CPU
		{D2E7B3C0-FEB7-42E4-994F-C26536734282}.Debug|Any CPU.ActiveCfg = Debug|Any CPU
		{D2E7B3C0-FEB7-42E4-994F-C26536734282}.Debug|Any CPU.Build.0 = Debug|Any CPU
		{D2E7B3C0-FEB7-42E4-994F-C26536734282}.Debug|x64.ActiveCfg = Debug|Any CPU
		{D2E7B3C0-FEB7-42E4-994F-C26536734282}.Debug|x64.Build.0 = Debug|Any CPU
		{D2E7B3C0-FEB7-42E4-994F-C26536734282}.Debug|x86.ActiveCfg = Debug|Any CPU
		{D2E7B3C0-FEB7-42E4-994F-C26536734282}.Debug|x86.Build.0 = Debug|Any CPU
		{D2E7B3C0-FEB7-42E4-994F-C26536734282}.Release|Any CPU.ActiveCfg = Release|Any CPU
		{D2E7B3C0-FEB7-42E4-994F-C26536734282}.Release|Any CPU.Build.0 = Release|Any CPU
		{D2E7B3C0-FEB7-42E4-994F-C26536734282}.Release|x64.ActiveCfg = Release|Any CPU
		{D2E7B3C0-FEB7-42E4-994F-C26536734282}.Release|x64.Build.0 = Release|Any CPU
		{D2E7B3C0-FEB7-42E4-994F-C26536734282}.Release|x86.ActiveCfg = Release|Any CPU
		{D2E7B3C0-FEB7-42E4-994F-C26536734282}.Release|x86.Build.0 = Release|Any CPU
		{958C3E61-CFCF-4876-A2A5-44D3035A5DC5}.Debug|Any CPU.ActiveCfg = Debug|Any CPU
		{958C3E61-CFCF-4876-A2A5-44D3035A5DC5}.Debug|Any CPU.Build.0 = Debug|Any CPU
		{958C3E61-CFCF-4876-A2A5-44D3035A5DC5}.Debug|x64.ActiveCfg = Debug|Any CPU
		{958C3E61-CFCF-4876-A2A5-44D3035A5DC5}.Debug|x64.Build.0 = Debug|Any CPU
		{958C3E61-CFCF-4876-A2A5-44D3035A5DC5}.Debug|x86.ActiveCfg = Debug|Any CPU
		{958C3E61-CFCF-4876-A2A5-44D3035A5DC5}.Debug|x86.Build.0 = Debug|Any CPU
		{958C3E61-CFCF-4876-A2A5-44D3035A5DC5}.Release|Any CPU.ActiveCfg = Release|Any CPU
		{958C3E61-CFCF-4876-A2A5-44D3035A5DC5}.Release|Any CPU.Build.0 = Release|Any CPU
		{958C3E61-CFCF-4876-A2A5-44D3035A5DC5}.Release|x64.ActiveCfg = Release|Any CPU
		{958C3E61-CFCF-4876-A2A5-44D3035A5DC5}.Release|x64.Build.0 = Release|Any CPU
		{958C3E61-CFCF-4876-A2A5-44D3035A5DC5}.Release|x86.ActiveCfg = Release|Any CPU
		{958C3E61-CFCF-4876-A2A5-44D3035A5DC5}.Release|x86.Build.0 = Release|Any CPU
	EndGlobalSection
	GlobalSection(NestedProjects) = preSolution
		{E95F0CD3-57FB-469D-8A87-2B700AC760B2} = {7D5B4A9F-0737-4476-9D7D-D4BEE083CAD3}
		{D2E7B3C0-FEB7-42E4-994F-C26536734282} = {7D5B4A9F-0737-4476-9D7D-D4BEE083CAD3}
		{958C3E61-CFCF-4876-A2A5-44D3035A5DC5} = {7D5B4A9F-0737-4476-9D7D-D4BEE083CAD3}
	EndGlobalSection
EndGlobal
