
Microsoft Visual Studio Solution File, Format Version 12.00
# Visual Studio 15
VisualStudioVersion = 15.0.26124.0
MinimumVisualStudioVersion = 15.0.26124.0
Project("{FAE04EC0-301F-11D3-BF4B-00C04F79EFBC}") = "api", "Api\api.csproj", "{054F5C3E-F985-4FCA-881E-770A1C8122E8}"
EndProject
Project("{FAE04EC0-301F-11D3-BF4B-00C04F79EFBC}") = "Domain", "Domain\Domain.csproj", "{29ADE798-5F04-4E1A-808D-AA8D8E156531}"
EndProject
Project("{FAE04EC0-301F-11D3-BF4B-00C04F79EFBC}") = "infra", "Infra\infra.csproj", "{B84B2EF3-AEE8-4199-B680-9D9651434E12}"
EndProject
Project("{FAE04EC0-301F-11D3-BF4B-00C04F79EFBC}") = "shared", "Shared\shared.csproj", "{0AF986C6-1AF7-4B5B-A102-15A481259B96}"
EndProject
Global
	GlobalSection(SolutionProperties) = preSolution
		HideSolutionNode = FALSE
	EndGlobalSection
	GlobalSection(SolutionConfigurationPlatforms) = preSolution
		Debug|Any CPU = Debug|Any CPU
		Debug|x64 = Debug|x64
		Debug|x86 = Debug|x86
		Release|Any CPU = Release|Any CPU
		Release|x64 = Release|x64
		Release|x86 = Release|x86
	EndGlobalSection
	GlobalSection(ProjectConfigurationPlatforms) = postSolution
		{054F5C3E-F985-4FCA-881E-770A1C8122E8}.Debug|Any CPU.ActiveCfg = Debug|Any CPU
		{054F5C3E-F985-4FCA-881E-770A1C8122E8}.Debug|Any CPU.Build.0 = Debug|Any CPU
		{054F5C3E-F985-4FCA-881E-770A1C8122E8}.Debug|x64.ActiveCfg = Debug|Any CPU
		{054F5C3E-F985-4FCA-881E-770A1C8122E8}.Debug|x64.Build.0 = Debug|Any CPU
		{054F5C3E-F985-4FCA-881E-770A1C8122E8}.Debug|x86.ActiveCfg = Debug|Any CPU
		{054F5C3E-F985-4FCA-881E-770A1C8122E8}.Debug|x86.Build.0 = Debug|Any CPU
		{054F5C3E-F985-4FCA-881E-770A1C8122E8}.Release|Any CPU.ActiveCfg = Release|Any CPU
		{054F5C3E-F985-4FCA-881E-770A1C8122E8}.Release|Any CPU.Build.0 = Release|Any CPU
		{054F5C3E-F985-4FCA-881E-770A1C8122E8}.Release|x64.ActiveCfg = Release|Any CPU
		{054F5C3E-F985-4FCA-881E-770A1C8122E8}.Release|x64.Build.0 = Release|Any CPU
		{054F5C3E-F985-4FCA-881E-770A1C8122E8}.Release|x86.ActiveCfg = Release|Any CPU
		{054F5C3E-F985-4FCA-881E-770A1C8122E8}.Release|x86.Build.0 = Release|Any CPU
		{29ADE798-5F04-4E1A-808D-AA8D8E156531}.Debug|Any CPU.ActiveCfg = Debug|Any CPU
		{29ADE798-5F04-4E1A-808D-AA8D8E156531}.Debug|Any CPU.Build.0 = Debug|Any CPU
		{29ADE798-5F04-4E1A-808D-AA8D8E156531}.Debug|x64.ActiveCfg = Debug|Any CPU
		{29ADE798-5F04-4E1A-808D-AA8D8E156531}.Debug|x64.Build.0 = Debug|Any CPU
		{29ADE798-5F04-4E1A-808D-AA8D8E156531}.Debug|x86.ActiveCfg = Debug|Any CPU
		{29ADE798-5F04-4E1A-808D-AA8D8E156531}.Debug|x86.Build.0 = Debug|Any CPU
		{29ADE798-5F04-4E1A-808D-AA8D8E156531}.Release|Any CPU.ActiveCfg = Release|Any CPU
		{29ADE798-5F04-4E1A-808D-AA8D8E156531}.Release|Any CPU.Build.0 = Release|Any CPU
		{29ADE798-5F04-4E1A-808D-AA8D8E156531}.Release|x64.ActiveCfg = Release|Any CPU
		{29ADE798-5F04-4E1A-808D-AA8D8E156531}.Release|x64.Build.0 = Release|Any CPU
		{29ADE798-5F04-4E1A-808D-AA8D8E156531}.Release|x86.ActiveCfg = Release|Any CPU
		{29ADE798-5F04-4E1A-808D-AA8D8E156531}.Release|x86.Build.0 = Release|Any CPU
		{B84B2EF3-AEE8-4199-B680-9D9651434E12}.Debug|Any CPU.ActiveCfg = Debug|Any CPU
		{B84B2EF3-AEE8-4199-B680-9D9651434E12}.Debug|Any CPU.Build.0 = Debug|Any CPU
		{B84B2EF3-AEE8-4199-B680-9D9651434E12}.Debug|x64.ActiveCfg = Debug|Any CPU
		{B84B2EF3-AEE8-4199-B680-9D9651434E12}.Debug|x64.Build.0 = Debug|Any CPU
		{B84B2EF3-AEE8-4199-B680-9D9651434E12}.Debug|x86.ActiveCfg = Debug|Any CPU
		{B84B2EF3-AEE8-4199-B680-9D9651434E12}.Debug|x86.Build.0 = Debug|Any CPU
		{B84B2EF3-AEE8-4199-B680-9D9651434E12}.Release|Any CPU.ActiveCfg = Release|Any CPU
		{B84B2EF3-AEE8-4199-B680-9D9651434E12}.Release|Any CPU.Build.0 = Release|Any CPU
		{B84B2EF3-AEE8-4199-B680-9D9651434E12}.Release|x64.ActiveCfg = Release|Any CPU
		{B84B2EF3-AEE8-4199-B680-9D9651434E12}.Release|x64.Build.0 = Release|Any CPU
		{B84B2EF3-AEE8-4199-B680-9D9651434E12}.Release|x86.ActiveCfg = Release|Any CPU
		{B84B2EF3-AEE8-4199-B680-9D9651434E12}.Release|x86.Build.0 = Release|Any CPU
		{0AF986C6-1AF7-4B5B-A102-15A481259B96}.Debug|Any CPU.ActiveCfg = Debug|Any CPU
		{0AF986C6-1AF7-4B5B-A102-15A481259B96}.Debug|Any CPU.Build.0 = Debug|Any CPU
		{0AF986C6-1AF7-4B5B-A102-15A481259B96}.Debug|x64.ActiveCfg = Debug|Any CPU
		{0AF986C6-1AF7-4B5B-A102-15A481259B96}.Debug|x64.Build.0 = Debug|Any CPU
		{0AF986C6-1AF7-4B5B-A102-15A481259B96}.Debug|x86.ActiveCfg = Debug|Any CPU
		{0AF986C6-1AF7-4B5B-A102-15A481259B96}.Debug|x86.Build.0 = Debug|Any CPU
		{0AF986C6-1AF7-4B5B-A102-15A481259B96}.Release|Any CPU.ActiveCfg = Release|Any CPU
		{0AF986C6-1AF7-4B5B-A102-15A481259B96}.Release|Any CPU.Build.0 = Release|Any CPU
		{0AF986C6-1AF7-4B5B-A102-15A481259B96}.Release|x64.ActiveCfg = Release|Any CPU
		{0AF986C6-1AF7-4B5B-A102-15A481259B96}.Release|x64.Build.0 = Release|Any CPU
		{0AF986C6-1AF7-4B5B-A102-15A481259B96}.Release|x86.ActiveCfg = Release|Any CPU
		{0AF986C6-1AF7-4B5B-A102-15A481259B96}.Release|x86.Build.0 = Release|Any CPU
	EndGlobalSection
EndGlobal
